
Microsoft Visual Studio Solution File, Format Version 12.00
# Visual Studio Version 16
VisualStudioVersion = 16.0.30104.148
MinimumVisualStudioVersion = 10.0.40219.1
Project("{9A19103F-16F7-4668-BE54-9A1E7A4F7556}") = "API", "API\API.csproj", "{92617A0D-9F69-4860-96D2-A602BEFFF2F5}"
EndProject
Project("{FAE04EC0-301F-11D3-BF4B-00C04F79EFBC}") = "admin_app", "admin_app\admin_app.csproj", "{7336B9DC-20AA-4672-9EC5-A6526C35A424}"
EndProject
Global
	GlobalSection(SolutionConfigurationPlatforms) = preSolution
		Debug|Any CPU = Debug|Any CPU
		Release|Any CPU = Release|Any CPU
	EndGlobalSection
	GlobalSection(ProjectConfigurationPlatforms) = postSolution
		{92617A0D-9F69-4860-96D2-A602BEFFF2F5}.Debug|Any CPU.ActiveCfg = Debug|Any CPU
		{92617A0D-9F69-4860-96D2-A602BEFFF2F5}.Debug|Any CPU.Build.0 = Debug|Any CPU
		{92617A0D-9F69-4860-96D2-A602BEFFF2F5}.Release|Any CPU.ActiveCfg = Release|Any CPU
		{92617A0D-9F69-4860-96D2-A602BEFFF2F5}.Release|Any CPU.Build.0 = Release|Any CPU
		{7336B9DC-20AA-4672-9EC5-A6526C35A424}.Debug|Any CPU.ActiveCfg = Debug|Any CPU
		{7336B9DC-20AA-4672-9EC5-A6526C35A424}.Debug|Any CPU.Build.0 = Debug|Any CPU
		{7336B9DC-20AA-4672-9EC5-A6526C35A424}.Release|Any CPU.ActiveCfg = Release|Any CPU
		{7336B9DC-20AA-4672-9EC5-A6526C35A424}.Release|Any CPU.Build.0 = Release|Any CPU
	EndGlobalSection
	GlobalSection(SolutionProperties) = preSolution
		HideSolutionNode = FALSE
	EndGlobalSection
	GlobalSection(ExtensibilityGlobals) = postSolution
		SolutionGuid = {F99B8658-F2DF-4F30-9F6D-7AD450B5882F}
	EndGlobalSection
EndGlobal
